Microsoft Visual Studio Solution File, Format Version 12.00
# Visual Studio 2012
Project("{FAE04EC0-301F-11D3-BF4B-00C04F79EFBC}") = "Worlds hardest game", "Worlds hardest game.csproj", "{13D5FE40-F65E-40F8-85D1-322F86C24FC1}"
EndProject
Global
	GlobalSection(SolutionConfigurationPlatforms) = preSolution
	Debug|Any CPU = Debug|Any CPU
	ExportDebug|Any CPU = ExportDebug|Any CPU
	ExportRelease|Any CPU = ExportRelease|Any CPU
	EndGlobalSection
	GlobalSection(ProjectConfigurationPlatforms) = postSolution
		{13D5FE40-F65E-40F8-85D1-322F86C24FC1}.Debug|Any CPU.ActiveCfg = Debug|Any CPU
		{13D5FE40-F65E-40F8-85D1-322F86C24FC1}.Debug|Any CPU.Build.0 = Debug|Any CPU
		{13D5FE40-F65E-40F8-85D1-322F86C24FC1}.ExportDebug|Any CPU.ActiveCfg = ExportDebug|Any CPU
		{13D5FE40-F65E-40F8-85D1-322F86C24FC1}.ExportDebug|Any CPU.Build.0 = ExportDebug|Any CPU
		{13D5FE40-F65E-40F8-85D1-322F86C24FC1}.ExportRelease|Any CPU.ActiveCfg = ExportRelease|Any CPU
		{13D5FE40-F65E-40F8-85D1-322F86C24FC1}.ExportRelease|Any CPU.Build.0 = ExportRelease|Any CPU
	EndGlobalSection
EndGlobal
